<?xml version="1.0" encoding="utf-8"?>
<Project ToolsVersion="4.0" xmlns="http://schemas.microsoft.com/developer/msbuild/2003">
  <ItemGroup>
    <Filter Include="Source Files">
      <UniqueIdentifier>{4FC737F1-C7A5-4376-A066-2A32D752A2FF}</UniqueIdentifier>
      <Extensions>cpp;c;cc;cxx;def;odl;idl;hpj;bat;asm;asmx</Extensions>
    </Filter>
    <Filter Include="Header Files">
      <UniqueIdentifier>{93995380-89BD-4b04-88EB-625FBE52EBFB}</UniqueIdentifier>
      <Extensions>h;hpp;hxx;hm;inl;inc;xsd</Extensions>
    </Filter>
  </ItemGroup>
  <ItemGroup>
    <ClCompile Include="RNArray.cpp">
      <Filter>Source Files</Filter>
    </ClCompile>
    <ClCompile Include="RNBase.cpp">
      <Filter>Source Files</Filter>
    </ClCompile>
    <ClCompile Include="RNBasics.cpp">
      <Filter>Source Files</Filter>
    </ClCompile>
    <ClCompile Include="RNError.cpp">
      <Filter>Source Files</Filter>
    </ClCompile>
    <ClCompile Include="RNFlags.cpp">
      <Filter>Source Files</Filter>
    </ClCompile>
    <ClCompile Include="RNGrfx.cpp">
      <Filter>Source Files</Filter>
    </ClCompile>
    <ClCompile Include="RNHeap.cpp">
      <Filter>Source Files</Filter>
    </ClCompile>
    <ClCompile Include="RNIntval.cpp">
      <Filter>Source Files</Filter>
    </ClCompile>
    <ClCompile Include="RNMem.cpp">
      <Filter>Source Files</Filter>
    </ClCompile>
    <ClCompile Include="RNQueue.cpp">
      <Filter>Source Files</Filter>
    </ClCompile>
    <ClCompile Include="RNRgb.cpp">
      <Filter>Source Files</Filter>
    </ClCompile>
    <ClCompile Include="RNScalar.cpp">
      <Filter>Source Files</Filter>
    </ClCompile>
    <ClCompile Include="RNSvd.cpp">
      <Filter>Source Files</Filter>
    </ClCompile>
    <ClCompile Include="RNTime.cpp">
      <Filter>Source Files</Filter>
    </ClCompile>
    <ClCompile Include="RNType.cpp">
      <Filter>Source Files</Filter>
    </ClCompile>
  </ItemGroup>
  <ItemGroup>
    <ClInclude Include="RNArray.h">
      <Filter>Header Files</Filter>
    </ClInclude>
    <ClInclude Include="RNBase.h">
      <Filter>Header Files</Filter>
    </ClInclude>
    <ClInclude Include="RNBasics.h">
      <Filter>Header Files</Filter>
    </ClInclude>
    <ClInclude Include="RNCompat.h">
      <Filter>Header Files</Filter>
    </ClInclude>
    <ClInclude Include="RNError.h">
      <Filter>Header Files</Filter>
    </ClInclude>
    <ClInclude Include="RNExtern.h">
      <Filter>Header Files</Filter>
    </ClInclude>
    <ClInclude Include="RNFlags.h">
      <Filter>Header Files</Filter>
    </ClInclude>
    <ClInclude Include="RNGrfx.h">
      <Filter>Header Files</Filter>
    </ClInclude>
    <ClInclude Include="RNHeap.h">
      <Filter>Header Files</Filter>
    </ClInclude>
    <ClInclude Include="RNIntval.h">
      <Filter>Header Files</Filter>
    </ClInclude>
    <ClInclude Include="RNMem.h">
      <Filter>Header Files</Filter>
    </ClInclude>
    <ClInclude Include="RNQueue.h">
      <Filter>Header Files</Filter>
    </ClInclude>
    <ClInclude Include="RNRgb.h">
      <Filter>Header Files</Filter>
    </ClInclude>
    <ClInclude Include="RNScalar.h">
      <Filter>Header Files</Filter>
    </ClInclude>
    <ClInclude Include="RNSvd.h">
      <Filter>Header Files</Filter>
    </ClInclude>
    <ClInclude Include="RNTime.h">
      <Filter>Header Files</Filter>
    </ClInclude>
    <ClInclude Include="RNType.h">
      <Filter>Header Files</Filter>
    </ClInclude>
  </ItemGroup>
  <ItemGroup>
    <None Include="RNArray.I">
      <Filter>Header Files</Filter>
    </None>
    <None Include="RNGrfx.I">
      <Filter>Header Files</Filter>
    </None>
    <None Include="RNQueue.I">
      <Filter>Header Files</Filter>
    </None>
  </ItemGroup>
</Project>