<?xml version="1.0" encoding="utf-8"?>
<Project ToolsVersion="4.0" xmlns="http://schemas.microsoft.com/developer/msbuild/2003">
  <ItemGroup>
    <Filter Include="Source Files">
      <UniqueIdentifier>{4FC737F1-C7A5-4376-A066-2A32D752A2FF}</UniqueIdentifier>
      <Extensions>cpp;c;cc;cxx;def;odl;idl;hpj;bat;asm;asmx</Extensions>
    </Filter>
    <Filter Include="Header Files">
      <UniqueIdentifier>{93995380-89BD-4b04-88EB-625FBE52EBFB}</UniqueIdentifier>
      <Extensions>h;hpp;hxx;hm;inl;inc;xsd</Extensions>
    </Filter>
  </ItemGroup>
  <ItemGroup>
    <ClCompile Include="ply.cpp">
      <Filter>Source Files</Filter>
    </ClCompile>
    <ClCompile Include="R3Affine.cpp">
      <Filter>Source Files</Filter>
    </ClCompile>
    <ClCompile Include="R3Align.cpp">
      <Filter>Source Files</Filter>
    </ClCompile>
    <ClCompile Include="R3Base.cpp">
      <Filter>Source Files</Filter>
    </ClCompile>
    <ClCompile Include="R3Box.cpp">
      <Filter>Source Files</Filter>
    </ClCompile>
    <ClCompile Include="R3Circle.cpp">
      <Filter>Source Files</Filter>
    </ClCompile>
    <ClCompile Include="R3Cone.cpp">
      <Filter>Source Files</Filter>
    </ClCompile>
    <ClCompile Include="R3Cont.cpp">
      <Filter>Source Files</Filter>
    </ClCompile>
    <ClCompile Include="R3Crdsys.cpp">
      <Filter>Source Files</Filter>
    </ClCompile>
    <ClCompile Include="R3Cylinder.cpp">
      <Filter>Source Files</Filter>
    </ClCompile>
    <ClCompile Include="R3Dist.cpp">
      <Filter>Source Files</Filter>
    </ClCompile>
    <ClCompile Include="R3Draw.cpp">
      <Filter>Source Files</Filter>
    </ClCompile>
    <ClCompile Include="R3Ellipse.cpp">
      <Filter>Source Files</Filter>
    </ClCompile>
    <ClCompile Include="R3Ellipsoid.cpp">
      <Filter>Source Files</Filter>
    </ClCompile>
    <ClCompile Include="R3PlanarGrid.cpp">
      <Filter>Source Files</Filter>
    </ClCompile>
    <ClCompile Include="R3Grid.cpp">
      <Filter>Source Files</Filter>
    </ClCompile>
    <ClCompile Include="R3Halfspace.cpp">
      <Filter>Source Files</Filter>
    </ClCompile>
    <ClCompile Include="R3Isect.cpp">
      <Filter>Source Files</Filter>
    </ClCompile>
    <ClCompile Include="R3Kdtree.cpp">
      <Filter>Source Files</Filter>
    </ClCompile>
    <ClCompile Include="R3Line.cpp">
      <Filter>Source Files</Filter>
    </ClCompile>
    <ClCompile Include="R3Mesh.cpp">
      <Filter>Source Files</Filter>
    </ClCompile>
    <ClCompile Include="R3MeshSearchTree.cpp">
      <Filter>Source Files</Filter>
    </ClCompile>
    <ClCompile Include="R3MeshProperty.cpp">
      <Filter>Source Files</Filter>
    </ClCompile>
    <ClCompile Include="R3MeshPropertySet.cpp">
      <Filter>Source Files</Filter>
    </ClCompile>
    <ClCompile Include="R3OrientedBox.cpp">
      <Filter>Source Files</Filter>
    </ClCompile>
    <ClCompile Include="R3Parall.cpp">
      <Filter>Source Files</Filter>
    </ClCompile>
    <ClCompile Include="R3Perp.cpp">
      <Filter>Source Files</Filter>
    </ClCompile>
    <ClCompile Include="R3Plane.cpp">
      <Filter>Source Files</Filter>
    </ClCompile>
    <ClCompile Include="R3Point.cpp">
      <Filter>Source Files</Filter>
    </ClCompile>
    <ClCompile Include="R3Quaternion.cpp">
      <Filter>Source Files</Filter>
    </ClCompile>
    <ClCompile Include="R3Ray.cpp">
      <Filter>Source Files</Filter>
    </ClCompile>
    <ClCompile Include="R3Relate.cpp">
      <Filter>Source Files</Filter>
    </ClCompile>
    <ClCompile Include="R3Shape.cpp">
      <Filter>Source Files</Filter>
    </ClCompile>
    <ClCompile Include="R3Shapes.cpp">
      <Filter>Source Files</Filter>
    </ClCompile>
    <ClCompile Include="R3Solid.cpp">
      <Filter>Source Files</Filter>
    </ClCompile>
    <ClCompile Include="R3Span.cpp">
      <Filter>Source Files</Filter>
    </ClCompile>
    <ClCompile Include="R3Sphere.cpp">
      <Filter>Source Files</Filter>
    </ClCompile>
    <ClCompile Include="R3Surface.cpp">
      <Filter>Source Files</Filter>
    </ClCompile>
    <ClCompile Include="R3Triad.cpp">
      <Filter>Source Files</Filter>
    </ClCompile>
    <ClCompile Include="R3Triangle.cpp">
      <Filter>Source Files</Filter>
    </ClCompile>
    <ClCompile Include="R3TriangleArray.cpp">
      <Filter>Source Files</Filter>
    </ClCompile>
    <ClCompile Include="R3Vector.cpp">
      <Filter>Source Files</Filter>
    </ClCompile>
    <ClCompile Include="R3Xform.cpp">
      <Filter>Source Files</Filter>
    </ClCompile>
    <ClCompile Include="R4Matrix.cpp">
      <Filter>Source Files</Filter>
    </ClCompile>
  </ItemGroup>
  <ItemGroup>
    <ClInclude Include="ply.h">
      <Filter>Header Files</Filter>
    </ClInclude>
    <ClInclude Include="R3Affine.h">
      <Filter>Header Files</Filter>
    </ClInclude>
    <ClInclude Include="R3Align.h">
      <Filter>Header Files</Filter>
    </ClInclude>
    <ClInclude Include="R3Base.h">
      <Filter>Header Files</Filter>
    </ClInclude>
    <ClInclude Include="R3Box.h">
      <Filter>Header Files</Filter>
    </ClInclude>
    <ClInclude Include="R3Circle.h">
      <Filter>Header Files</Filter>
    </ClInclude>
    <ClInclude Include="R3Cone.h">
      <Filter>Header Files</Filter>
    </ClInclude>
    <ClInclude Include="R3Cont.h">
      <Filter>Header Files</Filter>
    </ClInclude>
    <ClInclude Include="R3Crdsys.h">
      <Filter>Header Files</Filter>
    </ClInclude>
    <ClInclude Include="R3Cylinder.h">
      <Filter>Header Files</Filter>
    </ClInclude>
    <ClInclude Include="R3Dist.h">
      <Filter>Header Files</Filter>
    </ClInclude>
    <ClInclude Include="R3Draw.h">
      <Filter>Header Files</Filter>
    </ClInclude>
    <ClInclude Include="R3Ellipse.h">
      <Filter>Header Files</Filter>
    </ClInclude>
    <ClInclude Include="R3Ellipsoid.h">
      <Filter>Header Files</Filter>
    </ClInclude>
    <ClInclude Include="R3Grid.h">
      <Filter>Header Files</Filter>
    </ClInclude>
    <ClInclude Include="R3Halfspace.h">
      <Filter>Header Files</Filter>
    </ClInclude>
    <ClInclude Include="R3Isect.h">
      <Filter>Header Files</Filter>
    </ClInclude>
    <ClInclude Include="R3Kdtree.h">
      <Filter>Header Files</Filter>
    </ClInclude>
    <ClInclude Include="R3Line.h">
      <Filter>Header Files</Filter>
    </ClInclude>
    <ClInclude Include="R3Mesh.h">
      <Filter>Header Files</Filter>
    </ClInclude>
    <ClInclude Include="R3MeshSearchTree.h">
      <Filter>Header Files</Filter>
    </ClInclude>
    <ClInclude Include="R3MeshProperty.h">
      <Filter>Header Files</Filter>
    </ClInclude>
    <ClInclude Include="R3MeshPropertySet.h">
      <Filter>Header Files</Filter>
    </ClInclude>
    <ClInclude Include="R3OrientedBox.h">
      <Filter>Header Files</Filter>
    </ClInclude>
    <ClInclude Include="R3Parall.h">
      <Filter>Header Files</Filter>
    </ClInclude>
    <ClInclude Include="R3Perp.h">
      <Filter>Header Files</Filter>
    </ClInclude>
    <ClInclude Include="R3Plane.h">
      <Filter>Header Files</Filter>
    </ClInclude>
    <ClInclude Include="R3Point.h">
      <Filter>Header Files</Filter>
    </ClInclude>
    <ClInclude Include="R3Quaternion.h">
      <Filter>Header Files</Filter>
    </ClInclude>
    <ClInclude Include="R3Ray.h">
      <Filter>Header Files</Filter>
    </ClInclude>
    <ClInclude Include="R3Relate.h">
      <Filter>Header Files</Filter>
    </ClInclude>
    <ClInclude Include="R3Shape.h">
      <Filter>Header Files</Filter>
    </ClInclude>
    <ClInclude Include="R3Shapes.h">
      <Filter>Header Files</Filter>
    </ClInclude>
    <ClInclude Include="R3Solid.h">
      <Filter>Header Files</Filter>
    </ClInclude>
    <ClInclude Include="R3Span.h">
      <Filter>Header Files</Filter>
    </ClInclude>
    <ClInclude Include="R3Sphere.h">
      <Filter>Header Files</Filter>
    </ClInclude>
    <ClInclude Include="R3Surface.h">
      <Filter>Header Files</Filter>
    </ClInclude>
    <ClInclude Include="R3Triad.h">
      <Filter>Header Files</Filter>
    </ClInclude>
    <ClInclude Include="R3Triangle.h">
      <Filter>Header Files</Filter>
    </ClInclude>
    <ClInclude Include="R3TriangleArray.h">
      <Filter>Header Files</Filter>
    </ClInclude>
    <ClInclude Include="R3Vector.h">
      <Filter>Header Files</Filter>
    </ClInclude>
    <ClInclude Include="R3Xform.h">
      <Filter>Header Files</Filter>
    </ClInclude>
    <ClInclude Include="R4Matrix.h">
      <Filter>Header Files</Filter>
    </ClInclude>
    <ClInclude Include="R3PlanarGrid.h">
      <Filter>Header Files</Filter>
    </ClInclude>
  </ItemGroup>
</Project>